
Microsoft Visual Studio Solution File, Format Version 12.00
# Visual Studio 15
VisualStudioVersion = 15.0.28307.645
MinimumVisualStudioVersion = 10.0.40219.1
Project("{FAE04EC0-301F-11D3-BF4B-00C04F79EFBC}") = "exercicio 02 parte 09", "exercicio 02 parte 09\exercicio 02 parte 09.csproj", "{B8E2385F-B76C-493C-9678-5E292110D554}"
EndProject
Global
	GlobalSection(SolutionConfigurationPlatforms) = preSolution
		Debug|Any CPU = Debug|Any CPU
		Release|Any CPU = Release|Any CPU
	EndGlobalSection
	GlobalSection(ProjectConfigurationPlatforms) = postSolution
		{B8E2385F-B76C-493C-9678-5E292110D554}.Debug|Any CPU.ActiveCfg = Debug|Any CPU
		{B8E2385F-B76C-493C-9678-5E292110D554}.Debug|Any CPU.Build.0 = Debug|Any CPU
		{B8E2385F-B76C-493C-9678-5E292110D554}.Release|Any CPU.ActiveCfg = Release|Any CPU
		{B8E2385F-B76C-493C-9678-5E292110D554}.Release|Any CPU.Build.0 = Release|Any CPU
	EndGlobalSection
	GlobalSection(SolutionProperties) = preSolution
		HideSolutionNode = FALSE
	EndGlobalSection
	GlobalSection(ExtensibilityGlobals) = postSolution
		SolutionGuid = {3E01373F-FC3D-4FB8-BD34-2552C04F6BD6}
	EndGlobalSection
EndGlobal
